
Microsoft Visual Studio Solution File, Format Version 12.00
# Visual Studio 15
VisualStudioVersion = 15.0.27004.2009
MinimumVisualStudioVersion = 10.0.40219.1
Project("{FAE04EC0-301F-11D3-BF4B-00C04F79EFBC}") = "yearBookClient", "yearBookClient\yearBookClient.csproj", "{AFCCC25A-2377-4064-94A7-B7055A512157}"
EndProject
Global
	GlobalSection(SolutionConfigurationPlatforms) = preSolution
		Debug|Any CPU = Debug|Any CPU
		Release|Any CPU = Release|Any CPU
	EndGlobalSection
	GlobalSection(ProjectConfigurationPlatforms) = postSolution
		{AFCCC25A-2377-4064-94A7-B7055A512157}.Debug|Any CPU.ActiveCfg = Debug|Any CPU
		{AFCCC25A-2377-4064-94A7-B7055A512157}.Debug|Any CPU.Build.0 = Debug|Any CPU
		{AFCCC25A-2377-4064-94A7-B7055A512157}.Release|Any CPU.ActiveCfg = Release|Any CPU
		{AFCCC25A-2377-4064-94A7-B7055A512157}.Release|Any CPU.Build.0 = Release|Any CPU
	EndGlobalSection
	GlobalSection(SolutionProperties) = preSolution
		HideSolutionNode = FALSE
	EndGlobalSection
	GlobalSection(ExtensibilityGlobals) = postSolution
		SolutionGuid = {90FAEAFC-1F87-4474-ABE3-85559E4D36DF}
	EndGlobalSection
EndGlobal
